
Microsoft Visual Studio Solution File, Format Version 12.00
# Visual Studio 15
VisualStudioVersion = 15.0.28307.136
MinimumVisualStudioVersion = 10.0.40219.1
Project("{FAE04EC0-301F-11D3-BF4B-00C04F79EFBC}") = "PROJE", "PROJE\PROJE.csproj", "{3B5299F0-5AF0-46D7-8CAA-0EE53A0759DD}"
EndProject
Global
	GlobalSection(SolutionConfigurationPlatforms) = preSolution
		Debug|Any CPU = Debug|Any CPU
		Release|Any CPU = Release|Any CPU
	EndGlobalSection
	GlobalSection(ProjectConfigurationPlatforms) = postSolution
		{3B5299F0-5AF0-46D7-8CAA-0EE53A0759DD}.Debug|Any CPU.ActiveCfg = Debug|Any CPU
		{3B5299F0-5AF0-46D7-8CAA-0EE53A0759DD}.Debug|Any CPU.Build.0 = Debug|Any CPU
		{3B5299F0-5AF0-46D7-8CAA-0EE53A0759DD}.Release|Any CPU.ActiveCfg = Release|Any CPU
		{3B5299F0-5AF0-46D7-8CAA-0EE53A0759DD}.Release|Any CPU.Build.0 = Release|Any CPU
	EndGlobalSection
	GlobalSection(SolutionProperties) = preSolution
		HideSolutionNode = FALSE
	EndGlobalSection
	GlobalSection(ExtensibilityGlobals) = postSolution
		SolutionGuid = {4905F297-50D7-427A-B728-50708E010FBB}
	EndGlobalSection
EndGlobal
